{
  "name": "gift-cli",
  "version": "1.0.6",
  "lockfileVersion": 2,
  "requires": true,
  "packages": {
    "": {
      "name": "gift-cli",
      "version": "1.0.6",
      "license": "MIT",
      "dependencies": {
        "@types/node": "^20.4.1",
        "js-tokens": "^8.0.1"
      },
      "funding": {
        "type": "GitHub Sponsors",
        "url": "https://github.com/sponsors/copious-world"
      }
    },
    "node_modules/@types/node": {
      "version": "20.4.1",
      "resolved": "https://registry.npmjs.org/@types/node/-/node-20.4.1.tgz",
      "integrity": "sha512-JIzsAvJeA/5iY6Y/OxZbv1lUcc8dNSE77lb2gnBH+/PJ3lFR1Ccvgwl5JWnHAkNHcRsT0TbpVOsiMKZ1F/yyJg=="
    },
    "node_modules/js-tokens": {
      "version": "8.0.1",
      "resolved": "https://registry.npmjs.org/js-tokens/-/js-tokens-8.0.1.tgz",
      "integrity": "sha512-3AGrZT6tuMm1ZWWn9mLXh7XMfi2YtiLNPALCVxBCiUVq0LD1OQMxV/AdS/s7rLJU5o9i/jBZw/N4vXXL5dm29A=="
    }
  },
  "dependencies": {
    "@types/node": {
      "version": "20.4.1",
      "resolved": "https://registry.npmjs.org/@types/node/-/node-20.4.1.tgz",
      "integrity": "sha512-JIzsAvJeA/5iY6Y/OxZbv1lUcc8dNSE77lb2gnBH+/PJ3lFR1Ccvgwl5JWnHAkNHcRsT0TbpVOsiMKZ1F/yyJg=="
    },
    "js-tokens": {
      "version": "8.0.1",
      "resolved": "https://registry.npmjs.org/js-tokens/-/js-tokens-8.0.1.tgz",
      "integrity": "sha512-3AGrZT6tuMm1ZWWn9mLXh7XMfi2YtiLNPALCVxBCiUVq0LD1OQMxV/AdS/s7rLJU5o9i/jBZw/N4vXXL5dm29A=="
    }
  }
}
