{
  "name": "gift-cli",
  "version": "1.0.0",
  "lockfileVersion": 2,
  "requires": true,
  "packages": {
    "": {
      "name": "gift-cli",
      "version": "1.0.0",
      "license": "MIT",
      "dependencies": {
        "js-tokens": "^8.0.1"
      }
    },
    "node_modules/js-tokens": {
      "version": "8.0.1",
      "resolved": "https://registry.npmjs.org/js-tokens/-/js-tokens-8.0.1.tgz",
      "integrity": "sha512-3AGrZT6tuMm1ZWWn9mLXh7XMfi2YtiLNPALCVxBCiUVq0LD1OQMxV/AdS/s7rLJU5o9i/jBZw/N4vXXL5dm29A=="
    }
  },
  "dependencies": {
    "js-tokens": {
      "version": "8.0.1",
      "resolved": "https://registry.npmjs.org/js-tokens/-/js-tokens-8.0.1.tgz",
      "integrity": "sha512-3AGrZT6tuMm1ZWWn9mLXh7XMfi2YtiLNPALCVxBCiUVq0LD1OQMxV/AdS/s7rLJU5o9i/jBZw/N4vXXL5dm29A=="
    }
  }
}
